// !$*UTF8*$!
{
	archiveVersion = 1;
	classes = {
	};
	objectVersion = 56;
	objects = {

/* Begin PBXBuildFile section */
		0A5F4FD242A3F0FF0EBEDF7A /* Assets.xcassets in Resources */ = {isa = PBXBuildFile; fileRef = 09E825AEFB0318C83176FA6B /* Assets.xcassets */; };
		2E17B64D9293D3B50BE7F7E2 /* AboutView.swift in Sources */ = {isa = PBXBuildFile; fileRef = 856AC6C4DB050C23A531C4BE /* AboutView.swift */; };
		379D4C6DBBA934A8EF44CDDE /* FirebaseFirestore in Frameworks */ = {isa = PBXBuildFile; productRef = 84FCD721953CC33D9035BCCD /* FirebaseFirestore */; };
		419B5E5E2A1D000000000006 /* iOSApp.swift in Sources */ = {isa = PBXBuildFile; fileRef = 419B5E5E2A1D000000000001 /* iOSApp.swift */; };
		419B5E5E2A1D000000000007 /* ContentView.swift in Sources */ = {isa = PBXBuildFile; fileRef = 419B5E5E2A1D000000000002 /* ContentView.swift */; };
		419B5E5E2A1D000000000008 /* GoogleService-Info.plist in Resources */ = {isa = PBXBuildFile; fileRef = 419B5E5E2A1D000000000004 /* GoogleService-Info.plist */; };
		445C052442747365B7CB2124 /* FirebaseCore in Frameworks */ = {isa = PBXBuildFile; productRef = 16D66C9411832E1B7D572C76 /* FirebaseCore */; };
		680EF14B19A4D8CFFD203E72 /* SkieObservable.swift in Sources */ = {isa = PBXBuildFile; fileRef = 3288937051A8255A007428B4 /* SkieObservable.swift */; };
		80C5782E723C437725956DF0 /* RecommendationView.swift in Sources */ = {isa = PBXBuildFile; fileRef = FAB36399A606D851CB85C98F /* RecommendationView.swift */; };
		84193365F68E5FECB203A458 /* HistoryView.swift in Sources */ = {isa = PBXBuildFile; fileRef = 5C12464EFFF84F90FD8BAAC3 /* HistoryView.swift */; };
		93475D5C3C32656FF6D51275 /* DetectionResultView.swift in Sources */ = {isa = PBXBuildFile; fileRef = DDB5B99DA5A78327089E835E /* DetectionResultView.swift */; };
		947738F27B239DF8B7877C84 /* BoundingBoxCanvasView.swift in Sources */ = {isa = PBXBuildFile; fileRef = 8CFEDA89ADC9207052E6F409 /* BoundingBoxCanvasView.swift */; };
		947A443ACC41FE424A82B5C7 /* SettingsView.swift in Sources */ = {isa = PBXBuildFile; fileRef = 62DD0431347F05F9E57C5B90 /* SettingsView.swift */; };
		AE0CDA25B35CDF0B6C7F2390 /* HelpView.swift in Sources */ = {isa = PBXBuildFile; fileRef = 60C3DA48D15126FEC427A4CA /* HelpView.swift */; };
		B7C4F6137AC8345E71E92063 /* FirebaseAuth in Frameworks */ = {isa = PBXBuildFile; productRef = 617043448F4869026C2F0BB4 /* FirebaseAuth */; };
		BA527D85B8009FFE4B66B9C3 /* HomeView.swift in Sources */ = {isa = PBXBuildFile; fileRef = 1103AAB8738339FDE947C16E /* HomeView.swift */; };
		BC1E7F392FD70559009B6C63 /* crop_classifier.pte in Resources */ = {isa = PBXBuildFile; fileRef = BC1E7F382FD70559009B6C63 /* crop_classifier.pte */; };
		BC1E7F3B2FD70566009B6C63 /* crop_disease_yolo26.pte in Resources */ = {isa = PBXBuildFile; fileRef = BC1E7F3A2FD70566009B6C63 /* crop_disease_yolo26.pte */; };
		BCBE00012FD70000009B6C63 /* corn.jpg in Resources */ = {isa = PBXBuildFile; fileRef = BCBE00512FD70000009B6C63 /* corn.jpg */; };
		BCBE00022FD70000009B6C63 /* pepper.jpg in Resources */ = {isa = PBXBuildFile; fileRef = BCBE00522FD70000009B6C63 /* pepper.jpg */; };
		BCBE00032FD70000009B6C63 /* tomato.jpg in Resources */ = {isa = PBXBuildFile; fileRef = BCBE00532FD70000009B6C63 /* tomato.jpg */; };
		BCBE00042FD70000009B6C63 /* ood_cassava.jpg in Resources */ = {isa = PBXBuildFile; fileRef = BCBE00542FD70000009B6C63 /* ood_cassava.jpg */; };
		BC1E7F3D2FD70573009B6C63 /* crop_classifier_ood.pte in Resources */ = {isa = PBXBuildFile; fileRef = BC1E7F3C2FD70573009B6C63 /* crop_classifier_ood.pte */; };
		BC1E7F3F2FD70580009B6C63 /* crop_disease_rtdetr.pte in Resources */ = {isa = PBXBuildFile; fileRef = BC1E7F3E2FD70580009B6C63 /* crop_disease_rtdetr.pte */; };
		BC98B09C2FD74C170039C9F4 /* executorch in Frameworks */ = {isa = PBXBuildFile; productRef = BC98B09C2FD74C170039C9F2 /* executorch */; };
		BCAA110000000000000001AB /* ExecuTorchBridge.swift in Sources */ = {isa = PBXBuildFile; fileRef = BCAA110000000000000001AA /* ExecuTorchBridge.swift */; };
		BCAA110000000000000002AB /* backend_xnnpack in Frameworks */ = {isa = PBXBuildFile; productRef = BCAA110000000000000002AC /* backend_xnnpack */; };
		BCAA110000000000000003AB /* kernels_optimized in Frameworks */ = {isa = PBXBuildFile; productRef = BCAA110000000000000003AC /* kernels_optimized */; };
		D61E33C028F78DBA3DA14B78 /* EncyclopediaView.swift in Sources */ = {isa = PBXBuildFile; fileRef = 9FD2359243684D780B4CFDF9 /* EncyclopediaView.swift */; };
		DE5B96ADE68BB5C9688C9D91 /* ProfileView.swift in Sources */ = {isa = PBXBuildFile; fileRef = 7E5802EC2B28D9A185EF551B /* ProfileView.swift */; };
		856AC6C4DB050C23A531C4BF /* PrivacyView.swift in Sources */ = {isa = PBXBuildFile; fileRef = 7E5802EC2B28D9A185EF551C /* PrivacyView.swift */; };
		FB30DAA9D02B50D7D5F9F3B9 /* KoinHelper.swift in Sources */ = {isa = PBXBuildFile; fileRef = 8C8AD6ACCD666C5758B0D82B /* KoinHelper.swift */; };
		998877665544332211001122 /* Localizations.json in Resources */ = {isa = PBXBuildFile; fileRef = 998877665544332211001123 /* Localizations.json */; };
		998877665544332211001124 /* LanguageManager.swift in Sources */ = {isa = PBXBuildFile; fileRef = 998877665544332211001125 /* LanguageManager.swift */; };
/* End PBXBuildFile section */

/* Begin PBXFileReference section */
		09E825AEFB0318C83176FA6B /* Assets.xcassets */ = {isa = PBXFileReference; includeInIndex = 1; lastKnownFileType = folder.assetcatalog; path = Assets.xcassets; sourceTree = "<group>"; };
		1103AAB8738339FDE947C16E /* HomeView.swift */ = {isa = PBXFileReference; includeInIndex = 1; lastKnownFileType = sourcecode.swift; path = HomeView.swift; sourceTree = "<group>"; };
		3288937051A8255A007428B4 /* SkieObservable.swift */ = {isa = PBXFileReference; includeInIndex = 1; lastKnownFileType = sourcecode.swift; path = SkieObservable.swift; sourceTree = "<group>"; };
		419B5E5E2A1D000000000001 /* iOSApp.swift */ = {isa = PBXFileReference; lastKnownFileType = sourcecode.swift; path = iOSApp.swift; sourceTree = "<group>"; };
		419B5E5E2A1D000000000002 /* ContentView.swift */ = {isa = PBXFileReference; lastKnownFileType = sourcecode.swift; path = ContentView.swift; sourceTree = "<group>"; };
		419B5E5E2A1D000000000003 /* Info.plist */ = {isa = PBXFileReference; lastKnownFileType = text.plist.xml; path = Info.plist; sourceTree = "<group>"; };
		419B5E5E2A1D000000000004 /* GoogleService-Info.plist */ = {isa = PBXFileReference; lastKnownFileType = text.plist.xml; path = "GoogleService-Info.plist"; sourceTree = "<group>"; };
		419B5E5E2A1D000000000005 /* iosApp.app */ = {isa = PBXFileReference; explicitFileType = wrapper.application; includeInIndex = 0; path = iosApp.app; sourceTree = BUILT_PRODUCTS_DIR; };
		5C12464EFFF84F90FD8BAAC3 /* HistoryView.swift */ = {isa = PBXFileReference; includeInIndex = 1; lastKnownFileType = sourcecode.swift; path = HistoryView.swift; sourceTree = "<group>"; };
		60C3DA48D15126FEC427A4CA /* HelpView.swift */ = {isa = PBXFileReference; includeInIndex = 1; lastKnownFileType = sourcecode.swift; path = HelpView.swift; sourceTree = "<group>"; };
		62DD0431347F05F9E57C5B90 /* SettingsView.swift */ = {isa = PBXFileReference; includeInIndex = 1; lastKnownFileType = sourcecode.swift; path = SettingsView.swift; sourceTree = "<group>"; };
		7E5802EC2B28D9A185EF551B /* ProfileView.swift */ = {isa = PBXFileReference; includeInIndex = 1; lastKnownFileType = sourcecode.swift; path = ProfileView.swift; sourceTree = "<group>"; };
		7E5802EC2B28D9A185EF551C /* PrivacyView.swift */ = {isa = PBXFileReference; includeInIndex = 1; lastKnownFileType = sourcecode.swift; path = PrivacyView.swift; sourceTree = "<group>"; };
		856AC6C4DB050C23A531C4BE /* AboutView.swift */ = {isa = PBXFileReference; includeInIndex = 1; lastKnownFileType = sourcecode.swift; path = AboutView.swift; sourceTree = "<group>"; };
		8C8AD6ACCD666C5758B0D82B /* KoinHelper.swift */ = {isa = PBXFileReference; includeInIndex = 1; lastKnownFileType = sourcecode.swift; path = KoinHelper.swift; sourceTree = "<group>"; };
		8CFEDA89ADC9207052E6F409 /* BoundingBoxCanvasView.swift */ = {isa = PBXFileReference; includeInIndex = 1; lastKnownFileType = sourcecode.swift; path = BoundingBoxCanvasView.swift; sourceTree = "<group>"; };
		9FD2359243684D780B4CFDF9 /* EncyclopediaView.swift */ = {isa = PBXFileReference; includeInIndex = 1; lastKnownFileType = sourcecode.swift; path = EncyclopediaView.swift; sourceTree = "<group>"; };
		BC1E7F382FD70559009B6C63 /* crop_classifier.pte */ = {isa = PBXFileReference; lastKnownFileType = file; path = crop_classifier.pte; sourceTree = "<group>"; };
		BC1E7F3A2FD70566009B6C63 /* crop_disease_yolo26.pte */ = {isa = PBXFileReference; lastKnownFileType = file; path = crop_disease_yolo26.pte; sourceTree = "<group>"; };
		BCBE00512FD70000009B6C63 /* corn.jpg */ = {isa = PBXFileReference; lastKnownFileType = image.jpeg; path = corn.jpg; sourceTree = "<group>"; };
		BCBE00522FD70000009B6C63 /* pepper.jpg */ = {isa = PBXFileReference; lastKnownFileType = image.jpeg; path = pepper.jpg; sourceTree = "<group>"; };
		BCBE00532FD70000009B6C63 /* tomato.jpg */ = {isa = PBXFileReference; lastKnownFileType = image.jpeg; path = tomato.jpg; sourceTree = "<group>"; };
		BCBE00542FD70000009B6C63 /* ood_cassava.jpg */ = {isa = PBXFileReference; lastKnownFileType = image.jpeg; path = ood_cassava.jpg; sourceTree = "<group>"; };
		BC1E7F3C2FD70573009B6C63 /* crop_classifier_ood.pte */ = {isa = PBXFileReference; lastKnownFileType = file; path = crop_classifier_ood.pte; sourceTree = "<group>"; };
		BC1E7F3E2FD70580009B6C63 /* crop_disease_rtdetr.pte */ = {isa = PBXFileReference; lastKnownFileType = file; path = crop_disease_rtdetr.pte; sourceTree = "<group>"; };
		BCAA110000000000000001AA /* ExecuTorchBridge.swift */ = {isa = PBXFileReference; lastKnownFileType = sourcecode.swift; path = ExecuTorchBridge.swift; sourceTree = "<group>"; };
		BCAA110000000000000001AC /* ExecuTorchBridge.h */ = {isa = PBXFileReference; lastKnownFileType = sourcecode.c.h; path = ExecuTorchBridge.h; sourceTree = "<group>"; };
		DDB5B99DA5A78327089E835E /* DetectionResultView.swift */ = {isa = PBXFileReference; includeInIndex = 1; lastKnownFileType = sourcecode.swift; path = DetectionResultView.swift; sourceTree = "<group>"; };
		FAB36399A606D851CB85C98F /* RecommendationView.swift */ = {isa = PBXFileReference; includeInIndex = 1; lastKnownFileType = sourcecode.swift; path = RecommendationView.swift; sourceTree = "<group>"; };
		998877665544332211001123 /* Localizations.json */ = {isa = PBXFileReference; includeInIndex = 1; lastKnownFileType = text.json; path = Localizations.json; sourceTree = "<group>"; };
		998877665544332211001125 /* LanguageManager.swift */ = {isa = PBXFileReference; includeInIndex = 1; lastKnownFileType = sourcecode.swift; path = LanguageManager.swift; sourceTree = "<group>"; };
/* End PBXFileReference section */

/* Begin PBXFrameworksBuildPhase section */
		419B5E5E2A1D00000000000E /* Frameworks */ = {
			isa = PBXFrameworksBuildPhase;
			buildActionMask = 2147483647;
			files = (
				445C052442747365B7CB2124 /* FirebaseCore in Frameworks */,
				B7C4F6137AC8345E71E92063 /* FirebaseAuth in Frameworks */,
				379D4C6DBBA934A8EF44CDDE /* FirebaseFirestore in Frameworks */,
				BC98B09C2FD74C170039C9F4 /* executorch in Frameworks */,
				BCAA110000000000000002AB /* backend_xnnpack in Frameworks */,
				BCAA110000000000000003AB /* kernels_optimized in Frameworks */,
			);
			runOnlyForDeploymentPostprocessing = 0;
		};
/* End PBXFrameworksBuildPhase section */

/* Begin PBXGroup section */
		0010AAC0BBB768443CF70A05 /* Home */ = {
			isa = PBXGroup;
			children = (
				1103AAB8738339FDE947C16E /* HomeView.swift */,
				DDB5B99DA5A78327089E835E /* DetectionResultView.swift */,
				FAB36399A606D851CB85C98F /* RecommendationView.swift */,
			);
			name = Home;
			path = Home;
			sourceTree = "<group>";
		};
		094D5CEFD37A78199342B142 /* Settings */ = {
			isa = PBXGroup;
			children = (
				62DD0431347F05F9E57C5B90 /* SettingsView.swift */,
			);
			name = Settings;
			path = Settings;
			sourceTree = "<group>";
		};
		0DBAF3FD2074C8E9F4574C19 /* History */ = {
			isa = PBXGroup;
			children = (
				5C12464EFFF84F90FD8BAAC3 /* HistoryView.swift */,
			);
			name = History;
			path = History;
			sourceTree = "<group>";
		};
		419B5E5E2A1D000000000009 = {
			isa = PBXGroup;
			children = (
				419B5E5E2A1D00000000000A /* iosApp */,
				419B5E5E2A1D00000000000B /* Products */,
			);
			sourceTree = "<group>";
		};
		419B5E5E2A1D00000000000A /* iosApp */ = {
			isa = PBXGroup;
			children = (
				419B5E5E2A1D000000000001 /* iOSApp.swift */,
				419B5E5E2A1D000000000002 /* ContentView.swift */,
				419B5E5E2A1D000000000003 /* Info.plist */,
				419B5E5E2A1D000000000004 /* GoogleService-Info.plist */,
				09E825AEFB0318C83176FA6B /* Assets.xcassets */,
				BC1E7F382FD70559009B6C63 /* crop_classifier.pte */,
				BC1E7F3A2FD70566009B6C63 /* crop_disease_yolo26.pte */,
				BCBE00512FD70000009B6C63 /* corn.jpg */,
				BCBE00522FD70000009B6C63 /* pepper.jpg */,
				BCBE00532FD70000009B6C63 /* tomato.jpg */,
				BCBE00542FD70000009B6C63 /* ood_cassava.jpg */,
				BC1E7F3C2FD70573009B6C63 /* crop_classifier_ood.pte */,
				BC1E7F3E2FD70580009B6C63 /* crop_disease_rtdetr.pte */,
				BCAA110000000000000001AA /* ExecuTorchBridge.swift */,
				BCAA110000000000000001AC /* ExecuTorchBridge.h */,
				998877665544332211001123 /* Localizations.json */,
				49B86A63D266CB3667613A35 /* Utils */,
				80E2B11E31E00A59D6177BB8 /* Views */,
			);
			path = iosApp;
			sourceTree = "<group>";
		};
		419B5E5E2A1D00000000000B /* Products */ = {
			isa = PBXGroup;
			children = (
				419B5E5E2A1D000000000005 /* iosApp.app */,
			);
			name = Products;
			sourceTree = "<group>";
		};
		49B86A63D266CB3667613A35 /* Utils */ = {
			isa = PBXGroup;
			children = (
				3288937051A8255A007428B4 /* SkieObservable.swift */,
				8C8AD6ACCD666C5758B0D82B /* KoinHelper.swift */,
				998877665544332211001125 /* LanguageManager.swift */,
			);
			name = Utils;
			path = Utils;
			sourceTree = "<group>";
		};
		734BDF38FB2C5A1253F646F0 /* Encyclopedia */ = {
			isa = PBXGroup;
			children = (
				9FD2359243684D780B4CFDF9 /* EncyclopediaView.swift */,
			);
			name = Encyclopedia;
			path = Encyclopedia;
			sourceTree = "<group>";
		};
		80E2B11E31E00A59D6177BB8 /* Views */ = {
			isa = PBXGroup;
			children = (
				B244D56153C256C2F04E70CA /* Components */,
				0010AAC0BBB768443CF70A05 /* Home */,
				734BDF38FB2C5A1253F646F0 /* Encyclopedia */,
				0DBAF3FD2074C8E9F4574C19 /* History */,
				094D5CEFD37A78199342B142 /* Settings */,
				FEA579A0824835D7EBBDF594 /* Auth */,
				C15209E599CF5F928D3301FE /* About */,
			);
			name = Views;
			path = Views;
			sourceTree = "<group>";
		};
		B244D56153C256C2F04E70CA /* Components */ = {
			isa = PBXGroup;
			children = (
				8CFEDA89ADC9207052E6F409 /* BoundingBoxCanvasView.swift */,
			);
			name = Components;
			path = Components;
			sourceTree = "<group>";
		};
		C15209E599CF5F928D3301FE /* About */ = {
			isa = PBXGroup;
			children = (
				856AC6C4DB050C23A531C4BE /* AboutView.swift */,
				60C3DA48D15126FEC427A4CA /* HelpView.swift */,
			);
			name = About;
			path = About;
			sourceTree = "<group>";
		};
		FEA579A0824835D7EBBDF594 /* Auth */ = {
			isa = PBXGroup;
			children = (
				7E5802EC2B28D9A185EF551B /* ProfileView.swift */,
				7E5802EC2B28D9A185EF551C /* PrivacyView.swift */,
			);
			name = Auth;
			path = Auth;
			sourceTree = "<group>";
		};
/* End PBXGroup section */

/* Begin PBXNativeTarget section */
		419B5E5E2A1D000000000010 /* iosApp */ = {
			isa = PBXNativeTarget;
			buildConfigurationList = 419B5E5E2A1D000000000017 /* Build configuration list for PBXNativeTarget "iosApp" */;
			buildPhases = (
				419B5E5E2A1D00000000000F /* Compile Kotlin Framework */,
				419B5E5E2A1D00000000000C /* Sources */,
				419B5E5E2A1D00000000000D /* Resources */,
				419B5E5E2A1D00000000000E /* Frameworks */,
			);
			buildRules = (
			);
			dependencies = (
			);
			name = iosApp;
			packageProductDependencies = (
				16D66C9411832E1B7D572C76 /* FirebaseCore */,
				617043448F4869026C2F0BB4 /* FirebaseAuth */,
				84FCD721953CC33D9035BCCD /* FirebaseFirestore */,
				BC98B09C2FD74C170039C9F2 /* executorch */,
				BCAA110000000000000002AC /* backend_xnnpack */,
				BCAA110000000000000003AC /* kernels_optimized */,
			);
			productName = iosApp;
			productReference = 419B5E5E2A1D000000000005 /* iosApp.app */;
			productType = "com.apple.product-type.application";
		};
/* End PBXNativeTarget section */

/* Begin PBXProject section */
		419B5E5E2A1D000000000011 /* Project object */ = {
			isa = PBXProject;
			attributes = {
				BuildIndependentTargetsInParallel = 1;
				LastSwiftUpdateCheck = 1500;
				LastUpgradeCheck = 2650;
				TargetAttributes = {
					419B5E5E2A1D000000000010 = {
						CreatedOnToolsVersion = 15.0;
					};
				};
			};
			buildConfigurationList = 419B5E5E2A1D000000000016 /* Build configuration list for PBXProject "iosApp" */;
			compatibilityVersion = "Xcode 14.0";
			developmentRegion = en;
			hasScannedForEncodings = 0;
			knownRegions = (
				en,
				Base,
				fr,
				ha,
				ee,
				tw,
				ga,
			);
			mainGroup = 419B5E5E2A1D000000000009;
			packageReferences = (
				7C4F1707FE80007C7DCEAE3C /* XCRemoteSwiftPackageReference "firebase-ios-sdk" */,
				BC98B09C2FD74C170039C9F1 /* XCRemoteSwiftPackageReference "executorch" */,
			);
			productRefGroup = 419B5E5E2A1D00000000000B /* Products */;
			projectDirPath = "";
			projectRoot = "";
			targets = (
				419B5E5E2A1D000000000010 /* iosApp */,
			);
		};
/* End PBXProject section */

/* Begin PBXResourcesBuildPhase section */
		419B5E5E2A1D00000000000D /* Resources */ = {
			isa = PBXResourcesBuildPhase;
			buildActionMask = 2147483647;
			files = (
				BC1E7F392FD70559009B6C63 /* crop_classifier.pte in Resources */,
				BC1E7F3B2FD70566009B6C63 /* crop_disease_yolo26.pte in Resources */,
				BCBE00012FD70000009B6C63 /* corn.jpg in Resources */,
				BCBE00022FD70000009B6C63 /* pepper.jpg in Resources */,
				BCBE00032FD70000009B6C63 /* tomato.jpg in Resources */,
				BCBE00042FD70000009B6C63 /* ood_cassava.jpg in Resources */,
				BC1E7F3D2FD70573009B6C63 /* crop_classifier_ood.pte in Resources */,
				BC1E7F3F2FD70580009B6C63 /* crop_disease_rtdetr.pte in Resources */,
				419B5E5E2A1D000000000008 /* GoogleService-Info.plist in Resources */,
				0A5F4FD242A3F0FF0EBEDF7A /* Assets.xcassets in Resources */,
				998877665544332211001122 /* Localizations.json in Resources */,
			);
			runOnlyForDeploymentPostprocessing = 0;
		};
/* End PBXResourcesBuildPhase section */

/* Begin PBXShellScriptBuildPhase section */
		419B5E5E2A1D00000000000F /* Compile Kotlin Framework */ = {
			isa = PBXShellScriptBuildPhase;
			alwaysOutOfDate = 1;
			buildActionMask = 2147483647;
			files = (
			);
			inputFileListPaths = (
			);
			inputPaths = (
			);
			name = "Compile Kotlin Framework";
			outputFileListPaths = (
			);
			outputPaths = (
				"$(SRCROOT)/../app/build/xcode-frameworks/$(CONFIGURATION)/$(SDK_NAME)/ComposeApp.framework/ComposeApp",
			);
			runOnlyForDeploymentPostprocessing = 0;
			shellPath = /bin/sh;
			shellScript = "if [ \"YES\" = \"$OVERRIDE_KOTLIN_BUILD_IDE_SUPPORTED\" ]; then\n  echo \"Skipping Gradle build task invocation due to OVERRIDE_KOTLIN_BUILD_IDE_SUPPORTED environment variable set to \\\"YES\\\"\"\n  exit 0\nfi\nexport JAVA_HOME=\"/Users/musahibrahimali/.sdkman/candidates/java/current\"\ncd \"$SRCROOT/..\"\n./gradlew :app:embedAndSignAppleFrameworkForXcode";
		};
/* End PBXShellScriptBuildPhase section */

/* Begin PBXSourcesBuildPhase section */
		419B5E5E2A1D00000000000C /* Sources */ = {
			isa = PBXSourcesBuildPhase;
			buildActionMask = 2147483647;
			files = (
				419B5E5E2A1D000000000007 /* ContentView.swift in Sources */,
				419B5E5E2A1D000000000006 /* iOSApp.swift in Sources */,
				BCAA110000000000000001AB /* ExecuTorchBridge.swift in Sources */,
				680EF14B19A4D8CFFD203E72 /* SkieObservable.swift in Sources */,
				FB30DAA9D02B50D7D5F9F3B9 /* KoinHelper.swift in Sources */,
				947738F27B239DF8B7877C84 /* BoundingBoxCanvasView.swift in Sources */,
				BA527D85B8009FFE4B66B9C3 /* HomeView.swift in Sources */,
				93475D5C3C32656FF6D51275 /* DetectionResultView.swift in Sources */,
				80C5782E723C437725956DF0 /* RecommendationView.swift in Sources */,
				D61E33C028F78DBA3DA14B78 /* EncyclopediaView.swift in Sources */,
				84193365F68E5FECB203A458 /* HistoryView.swift in Sources */,
				947A443ACC41FE424A82B5C7 /* SettingsView.swift in Sources */,
				DE5B96ADE68BB5C9688C9D91 /* ProfileView.swift in Sources */,
				856AC6C4DB050C23A531C4BF /* PrivacyView.swift in Sources */,
				2E17B64D9293D3B50BE7F7E2 /* AboutView.swift in Sources */,
				AE0CDA25B35CDF0B6C7F2390 /* HelpView.swift in Sources */,
				998877665544332211001124 /* LanguageManager.swift in Sources */,
			);
			runOnlyForDeploymentPostprocessing = 0;
		};
/* End PBXSourcesBuildPhase section */

/* Begin XCBuildConfiguration section */
		419B5E5E2A1D000000000012 /* Debug */ = {
			isa = XCBuildConfiguration;
			buildSettings = {
				ALWAYS_SEARCH_USER_PATHS = NO;
				ASSETCATALOG_COMPILER_GENERATE_SWIFT_ASSET_SYMBOL_EXTENSIONS = YES;
				CLANG_ANALYZER_NONNULL = YES;
				CLANG_ANALYZER_NUMBER_OBJECT_CONVERSION = YES_AGGRESSIVE;
				CLANG_CXX_LANGUAGE_STANDARD = "gnu++20";
				CLANG_ENABLE_MODULES = YES;
				CLANG_ENABLE_OBJC_ARC = YES;
				CLANG_ENABLE_OBJC_WEAK = YES;
				CLANG_WARN_BLOCK_CAPTURE_AUTORELEASING = YES;
				CLANG_WARN_BOOL_CONVERSION = YES;
				CLANG_WARN_COMMA = YES;
				CLANG_WARN_CONSTANT_CONVERSION = YES;
				CLANG_WARN_DEPRECATED_OBJC_IMPLEMENTATIONS = YES;
				CLANG_WARN_DIRECT_OBJC_ISA_USAGE = YES_ERROR;
				CLANG_WARN_DOCUMENTATION_COMMENTS = YES;
				CLANG_WARN_EMPTY_BODY = YES;
				CLANG_WARN_ENUM_CONVERSION = YES;
				CLANG_WARN_INFINITE_LOOPS = YES;
				CLANG_WARN_INFINITE_RECURSION = YES;
				CLANG_WARN_INT_CONVERSION = YES;
				CLANG_WARN_NON_LITERAL_NULL_CONVERSION = YES;
				CLANG_WARN_OBJC_IMPLICIT_RETAIN_SELF = YES;
				CLANG_WARN_OBJC_LITERAL_CONVERSION = YES;
				CLANG_WARN_OBJC_ROOT_CLASS = YES_ERROR;
				CLANG_WARN_QUOTED_INCLUDE_IN_FRAMEWORK_HEADER = YES;
				CLANG_WARN_RANGE_LOOP_ANALYSIS = YES;
				CLANG_WARN_STRICT_PROTOTYPES = YES;
				CLANG_WARN_SUSPICIOUS_MOVE = YES;
				CLANG_WARN_UNGUARDED_AVAILABILITY = YES_AGGRESSIVE;
				CLANG_WARN_UNREACHABLE_CODE = YES;
				CLANG_WARN__DUPLICATE_METHOD_MATCH = YES;
				COPY_PHASE_STRIP = NO;
				DEBUG_INFORMATION_FORMAT = dwarf;
				DEVELOPMENT_TEAM = TU22TRH4UF;
				ENABLE_STRICT_OBJC_MSGSEND = YES;
				ENABLE_TESTABILITY = YES;
				ENABLE_USER_SCRIPT_SANDBOXING = NO;
				GCC_C_LANGUAGE_STANDARD = gnu17;
				GCC_DYNAMIC_NO_PIC = NO;
				GCC_NO_COMMON_BLOCKS = YES;
				GCC_OPTIMIZATION_LEVEL = 0;
				GCC_PREPROCESSOR_DEFINITIONS = (
					"DEBUG=1",
					"$(inherited)",
				);
				GCC_WARN_64_TO_32_BIT_CONVERSION = YES;
				GCC_WARN_ABOUT_RETURN_TYPE = YES_ERROR;
				GCC_WARN_UNDECLARED_SELECTOR = YES;
				GCC_WARN_UNINITIALIZED_AUTOS = YES_AGGRESSIVE;
				GCC_WARN_UNUSED_FUNCTION = YES;
				GCC_WARN_UNUSED_VARIABLE = YES;
				IPHONEOS_DEPLOYMENT_TARGET = 17.0;
				LOCALIZATION_PREFERS_STRING_CATALOGS = YES;
				MTL_ENABLE_DEBUG_INFO = INCLUDE_SOURCE;
				MTL_FAST_MATH = YES;
				ONLY_ACTIVE_ARCH = YES;
				SDKROOT = iphoneos;
				STRING_CATALOG_GENERATE_SYMBOLS = YES;
				SWIFT_ACTIVE_COMPILATION_CONDITIONS = DEBUG;
				SWIFT_OPTIMIZATION_LEVEL = "-Onone";
			};
			name = Debug;
		};
		419B5E5E2A1D000000000013 /* Release */ = {
			isa = XCBuildConfiguration;
			buildSettings = {
				ALWAYS_SEARCH_USER_PATHS = NO;
				ASSETCATALOG_COMPILER_GENERATE_SWIFT_ASSET_SYMBOL_EXTENSIONS = YES;
				CLANG_ANALYZER_NONNULL = YES;
				CLANG_ANALYZER_NUMBER_OBJECT_CONVERSION = YES_AGGRESSIVE;
				CLANG_CXX_LANGUAGE_STANDARD = "gnu++20";
				CLANG_ENABLE_MODULES = YES;
				CLANG_ENABLE_OBJC_ARC = YES;
				CLANG_ENABLE_OBJC_WEAK = YES;
				CLANG_WARN_BLOCK_CAPTURE_AUTORELEASING = YES;
				CLANG_WARN_BOOL_CONVERSION = YES;
				CLANG_WARN_COMMA = YES;
				CLANG_WARN_CONSTANT_CONVERSION = YES;
				CLANG_WARN_DEPRECATED_OBJC_IMPLEMENTATIONS = YES;
				CLANG_WARN_DIRECT_OBJC_ISA_USAGE = YES_ERROR;
				CLANG_WARN_DOCUMENTATION_COMMENTS = YES;
				CLANG_WARN_EMPTY_BODY = YES;
				CLANG_WARN_ENUM_CONVERSION = YES;
				CLANG_WARN_INFINITE_LOOPS = YES;
				CLANG_WARN_INFINITE_RECURSION = YES;
				CLANG_WARN_INT_CONVERSION = YES;
				CLANG_WARN_NON_LITERAL_NULL_CONVERSION = YES;
				CLANG_WARN_OBJC_IMPLICIT_RETAIN_SELF = YES;
				CLANG_WARN_OBJC_LITERAL_CONVERSION = YES;
				CLANG_WARN_OBJC_ROOT_CLASS = YES_ERROR;
				CLANG_WARN_QUOTED_INCLUDE_IN_FRAMEWORK_HEADER = YES;
				CLANG_WARN_RANGE_LOOP_ANALYSIS = YES;
				CLANG_WARN_STRICT_PROTOTYPES = YES;
				CLANG_WARN_SUSPICIOUS_MOVE = YES;
				CLANG_WARN_UNGUARDED_AVAILABILITY = YES_AGGRESSIVE;
				CLANG_WARN_UNREACHABLE_CODE = YES;
				CLANG_WARN__DUPLICATE_METHOD_MATCH = YES;
				COPY_PHASE_STRIP = NO;
				DEBUG_INFORMATION_FORMAT = "dwarf-with-dsym";
				DEVELOPMENT_TEAM = TU22TRH4UF;
				ENABLE_NS_ASSERTIONS = NO;
				ENABLE_STRICT_OBJC_MSGSEND = YES;
				ENABLE_USER_SCRIPT_SANDBOXING = NO;
				GCC_C_LANGUAGE_STANDARD = gnu17;
				GCC_NO_COMMON_BLOCKS = YES;
				GCC_WARN_64_TO_32_BIT_CONVERSION = YES;
				GCC_WARN_ABOUT_RETURN_TYPE = YES_ERROR;
				GCC_WARN_UNDECLARED_SELECTOR = YES;
				GCC_WARN_UNINITIALIZED_AUTOS = YES_AGGRESSIVE;
				GCC_WARN_UNUSED_FUNCTION = YES;
				GCC_WARN_UNUSED_VARIABLE = YES;
				IPHONEOS_DEPLOYMENT_TARGET = 17.0;
				LOCALIZATION_PREFERS_STRING_CATALOGS = YES;
				MTL_FAST_MATH = YES;
				SDKROOT = iphoneos;
				STRING_CATALOG_GENERATE_SYMBOLS = YES;
				SWIFT_COMPILATION_MODE = wholemodule;
				SWIFT_OPTIMIZATION_LEVEL = "-O";
				VALIDATE_PRODUCT = YES;
			};
			name = Release;
		};
		419B5E5E2A1D000000000014 /* Debug */ = {
			isa = XCBuildConfiguration;
			buildSettings = {
				ASSETCATALOG_COMPILER_APPICON_NAME = AppIcon;
				ASSETCATALOG_COMPILER_GLOBAL_ACCENT_COLOR_NAME = AccentColor;
				CODE_SIGN_STYLE = Automatic;
				CURRENT_PROJECT_VERSION = 1;
				ENABLE_USER_SCRIPT_SANDBOXING = NO;
				FRAMEWORK_SEARCH_PATHS = (
					"$(inherited)",
					"$(SRCROOT)/../app/build/xcode-frameworks/$(CONFIGURATION)/$(SDK_NAME)",
				);
				GENERATE_INFOPLIST_FILE = NO;
				INFOPLIST_FILE = iosApp/Info.plist;
				LD_RUNPATH_SEARCH_PATHS = (
					"$(inherited)",
					"@executable_path/Frameworks",
				);
				MARKETING_VERSION = 1.0;
				OTHER_LDFLAGS = (
					"$(inherited)",
					"-ObjC",
				);
				"OTHER_LDFLAGS[sdk=iphoneos*]" = (
					"$(inherited)",
					"-ObjC",
					"-force_load",
					"$(BUILD_DIR)/../../SourcePackages/artifacts/executorch/backend_xnnpack/backend_xnnpack.xcframework/ios-arm64/libbackend_xnnpack_ios.a",
					"-force_load",
					"$(BUILD_DIR)/../../SourcePackages/artifacts/executorch/kernels_optimized/kernels_optimized.xcframework/ios-arm64/libkernels_optimized_ios.a",
				);
				"OTHER_LDFLAGS[sdk=iphonesimulator*]" = (
					"$(inherited)",
					"-ObjC",
					"-force_load",
					"$(BUILD_DIR)/../../SourcePackages/artifacts/executorch/backend_xnnpack/backend_xnnpack.xcframework/ios-arm64-simulator/libbackend_xnnpack_simulator.a",
					"-force_load",
					"$(BUILD_DIR)/../../SourcePackages/artifacts/executorch/kernels_optimized/kernels_optimized.xcframework/ios-arm64-simulator/libkernels_optimized_simulator.a",
				);
				PRODUCT_BUNDLE_IDENTIFIER = com.nkwabyte.cropdiseasedetection;
				PRODUCT_NAME = "$(TARGET_NAME)";
				SWIFT_EMIT_LOC_STRINGS = YES;
				SWIFT_VERSION = 5.0;
				TARGETED_DEVICE_FAMILY = "1,2";
			};
			name = Debug;
		};
		419B5E5E2A1D000000000015 /* Release */ = {
			isa = XCBuildConfiguration;
			buildSettings = {
				ASSETCATALOG_COMPILER_APPICON_NAME = AppIcon;
				ASSETCATALOG_COMPILER_GLOBAL_ACCENT_COLOR_NAME = AccentColor;
				CODE_SIGN_STYLE = Automatic;
				CURRENT_PROJECT_VERSION = 1;
				ENABLE_USER_SCRIPT_SANDBOXING = NO;
				FRAMEWORK_SEARCH_PATHS = (
					"$(inherited)",
					"$(SRCROOT)/../app/build/xcode-frameworks/$(CONFIGURATION)/$(SDK_NAME)",
				);
				GENERATE_INFOPLIST_FILE = NO;
				INFOPLIST_FILE = iosApp/Info.plist;
				LD_RUNPATH_SEARCH_PATHS = (
					"$(inherited)",
					"@executable_path/Frameworks",
				);
				MARKETING_VERSION = 1.0;
				OTHER_LDFLAGS = (
					"$(inherited)",
					"-ObjC",
				);
				"OTHER_LDFLAGS[sdk=iphoneos*]" = (
					"$(inherited)",
					"-ObjC",
					"-force_load",
					"$(BUILD_DIR)/../../SourcePackages/artifacts/executorch/backend_xnnpack/backend_xnnpack.xcframework/ios-arm64/libbackend_xnnpack_ios.a",
					"-force_load",
					"$(BUILD_DIR)/../../SourcePackages/artifacts/executorch/kernels_optimized/kernels_optimized.xcframework/ios-arm64/libkernels_optimized_ios.a",
				);
				"OTHER_LDFLAGS[sdk=iphonesimulator*]" = (
					"$(inherited)",
					"-ObjC",
					"-force_load",
					"$(BUILD_DIR)/../../SourcePackages/artifacts/executorch/backend_xnnpack/backend_xnnpack.xcframework/ios-arm64-simulator/libbackend_xnnpack_simulator.a",
					"-force_load",
					"$(BUILD_DIR)/../../SourcePackages/artifacts/executorch/kernels_optimized/kernels_optimized.xcframework/ios-arm64-simulator/libkernels_optimized_simulator.a",
				);
				PRODUCT_BUNDLE_IDENTIFIER = com.nkwabyte.cropdiseasedetection;
				PRODUCT_NAME = "$(TARGET_NAME)";
				SWIFT_EMIT_LOC_STRINGS = YES;
				SWIFT_VERSION = 5.0;
				TARGETED_DEVICE_FAMILY = "1,2";
			};
			name = Release;
		};
/* End XCBuildConfiguration section */

/* Begin XCConfigurationList section */
		419B5E5E2A1D000000000016 /* Build configuration list for PBXProject "iosApp" */ = {
			isa = XCConfigurationList;
			buildConfigurations = (
				419B5E5E2A1D000000000012 /* Debug */,
				419B5E5E2A1D000000000013 /* Release */,
			);
			defaultConfigurationIsVisible = 0;
			defaultConfigurationName = Release;
		};
		419B5E5E2A1D000000000017 /* Build configuration list for PBXNativeTarget "iosApp" */ = {
			isa = XCConfigurationList;
			buildConfigurations = (
				419B5E5E2A1D000000000014 /* Debug */,
				419B5E5E2A1D000000000015 /* Release */,
			);
			defaultConfigurationIsVisible = 0;
			defaultConfigurationName = Release;
		};
/* End XCConfigurationList section */

/* Begin XCRemoteSwiftPackageReference section */
		7C4F1707FE80007C7DCEAE3C /* XCRemoteSwiftPackageReference "firebase-ios-sdk" */ = {
			isa = XCRemoteSwiftPackageReference;
			repositoryURL = "https://github.com/firebase/firebase-ios-sdk";
			requirement = {
				kind = upToNextMajorVersion;
				minimumVersion = 12.0.0;
			};
		};
		BC98B09C2FD74C170039C9F1 /* XCRemoteSwiftPackageReference "executorch" */ = {
			isa = XCRemoteSwiftPackageReference;
			repositoryURL = "https://github.com/pytorch/executorch";
			requirement = {
				branch = "swiftpm-1.3.1";
				kind = branch;
			};
		};
/* End XCRemoteSwiftPackageReference section */

/* Begin XCSwiftPackageProductDependency section */
		16D66C9411832E1B7D572C76 /* FirebaseCore */ = {
			isa = XCSwiftPackageProductDependency;
			package = 7C4F1707FE80007C7DCEAE3C /* XCRemoteSwiftPackageReference "firebase-ios-sdk" */;
			productName = FirebaseCore;
		};
		617043448F4869026C2F0BB4 /* FirebaseAuth */ = {
			isa = XCSwiftPackageProductDependency;
			package = 7C4F1707FE80007C7DCEAE3C /* XCRemoteSwiftPackageReference "firebase-ios-sdk" */;
			productName = FirebaseAuth;
		};
		84FCD721953CC33D9035BCCD /* FirebaseFirestore */ = {
			isa = XCSwiftPackageProductDependency;
			package = 7C4F1707FE80007C7DCEAE3C /* XCRemoteSwiftPackageReference "firebase-ios-sdk" */;
			productName = FirebaseFirestore;
		};
		BC98B09C2FD74C170039C9F2 /* executorch */ = {
			isa = XCSwiftPackageProductDependency;
			package = BC98B09C2FD74C170039C9F1 /* XCRemoteSwiftPackageReference "executorch" */;
			productName = executorch;
		};
		BCAA110000000000000002AC /* backend_xnnpack */ = {
			isa = XCSwiftPackageProductDependency;
			package = BC98B09C2FD74C170039C9F1 /* XCRemoteSwiftPackageReference "executorch" */;
			productName = backend_xnnpack;
		};
		BCAA110000000000000003AC /* kernels_optimized */ = {
			isa = XCSwiftPackageProductDependency;
			package = BC98B09C2FD74C170039C9F1 /* XCRemoteSwiftPackageReference "executorch" */;
			productName = kernels_optimized;
		};
/* End XCSwiftPackageProductDependency section */
	};
	rootObject = 419B5E5E2A1D000000000011 /* Project object */;
}
